
Microsoft Visual Studio Solution File, Format Version 12.00
# Visual Studio 15
VisualStudioVersion = 15.0.28010.2026
MinimumVisualStudioVersion = 10.0.40219.1
Project("{FAE04EC0-301F-11D3-BF4B-00C04F79EFBC}") = "GradeBook", "GradeBook\GradeBook.csproj", "{B13C8BC9-3D24-46F4-9064-9DD0FFB9DF37}"
EndProject
Project("{FAE04EC0-301F-11D3-BF4B-00C04F79EFBC}") = "GradeBook.Tests", "GradeBook.Tests\GradeBook.Tests.csproj", "{F70DE612-4A1C-417B-9286-33E72E44A4BB}"
EndProject
Global
	GlobalSection(SolutionConfigurationPlatforms) = preSolution
		Debug|Any CPU = Debug|Any CPU
		Release|Any CPU = Release|Any CPU
	EndGlobalSection
	GlobalSection(ProjectConfigurationPlatforms) = postSolution
		{B13C8BC9-3D24-46F4-9064-9DD0FFB9DF37}.Debug|Any CPU.ActiveCfg = Debug|Any CPU
		{B13C8BC9-3D24-46F4-9064-9DD0FFB9DF37}.Debug|Any CPU.Build.0 = Debug|Any CPU
		{B13C8BC9-3D24-46F4-9064-9DD0FFB9DF37}.Release|Any CPU.ActiveCfg = Release|Any CPU
		{B13C8BC9-3D24-46F4-9064-9DD0FFB9DF37}.Release|Any CPU.Build.0 = Release|Any CPU
		{F70DE612-4A1C-417B-9286-33E72E44A4BB}.Debug|Any CPU.ActiveCfg = Debug|Any CPU
		{F70DE612-4A1C-417B-9286-33E72E44A4BB}.Debug|Any CPU.Build.0 = Debug|Any CPU
		{F70DE612-4A1C-417B-9286-33E72E44A4BB}.Release|Any CPU.ActiveCfg = Release|Any CPU
		{F70DE612-4A1C-417B-9286-33E72E44A4BB}.Release|Any CPU.Build.0 = Release|Any CPU
	EndGlobalSection
	GlobalSection(SolutionProperties) = preSolution
		HideSolutionNode = FALSE
	EndGlobalSection
	GlobalSection(ExtensibilityGlobals) = postSolution
		SolutionGuid = {AB2C950B-5D65-4DEB-BC94-D7ECBCD10A2C}
	EndGlobalSection
EndGlobal
